
Microsoft Visual Studio Solution File, Format Version 12.00
# Visual Studio Version 17
VisualStudioVersion = 17.13.35828.75 d17.13
MinimumVisualStudioVersion = 10.0.40219.1
Project("{FAE04EC0-301F-11D3-BF4B-00C04F79EFBC}") = "PasswordStrengthChecker", "PasswordStrengthChecker.csproj", "{DEF1C88E-EA83-47CA-829C-8C0233CA8AFC}"
EndProject
Global
	GlobalSection(SolutionConfigurationPlatforms) = preSolution
		Debug|Any CPU = Debug|Any CPU
		Release|Any CPU = Release|Any CPU
	EndGlobalSection
	GlobalSection(ProjectConfigurationPlatforms) = postSolution
		{DEF1C88E-EA83-47CA-829C-8C0233CA8AFC}.Debug|Any CPU.ActiveCfg = Debug|Any CPU
		{DEF1C88E-EA83-47CA-829C-8C0233CA8AFC}.Debug|Any CPU.Build.0 = Debug|Any CPU
		{DEF1C88E-EA83-47CA-829C-8C0233CA8AFC}.Release|Any CPU.ActiveCfg = Release|Any CPU
		{DEF1C88E-EA83-47CA-829C-8C0233CA8AFC}.Release|Any CPU.Build.0 = Release|Any CPU
	EndGlobalSection
	GlobalSection(SolutionProperties) = preSolution
		HideSolutionNode = FALSE
	EndGlobalSection
	GlobalSection(ExtensibilityGlobals) = postSolution
		SolutionGuid = {9FCBA42C-ED8C-4E1B-B242-8D8850FD9E26}
	EndGlobalSection
EndGlobal
